
Microsoft Visual Studio Solution File, Format Version 12.00
# Visual Studio 2015
Project("{FAE04EC0-301F-11D3-BF4B-00C04F79EFBC}") = "Curse of Cubes Unity Project.CSharp", "Curse of Cubes Unity Project.CSharp.csproj", "{B8700F05-CFBC-A538-7467-F7AEA82D1476}"
EndProject
Project("{FAE04EC0-301F-11D3-BF4B-00C04F79EFBC}") = "Curse of Cubes Unity Project.CSharp.Editor", "Curse of Cubes Unity Project.CSharp.Editor.csproj", "{24600742-D464-E1F0-504B-29139DBF8BF1}"
EndProject
Global
	GlobalSection(SolutionConfigurationPlatforms) = preSolution
		Debug|Any CPU = Debug|Any CPU
		Release|Any CPU = Release|Any CPU
	EndGlobalSection
	GlobalSection(ProjectConfigurationPlatforms) = postSolution
		{B8700F05-CFBC-A538-7467-F7AEA82D1476}.Debug|Any CPU.ActiveCfg = Debug|Any CPU
		{B8700F05-CFBC-A538-7467-F7AEA82D1476}.Debug|Any CPU.Build.0 = Debug|Any CPU
		{B8700F05-CFBC-A538-7467-F7AEA82D1476}.Release|Any CPU.ActiveCfg = Release|Any CPU
		{B8700F05-CFBC-A538-7467-F7AEA82D1476}.Release|Any CPU.Build.0 = Release|Any CPU
		{24600742-D464-E1F0-504B-29139DBF8BF1}.Debug|Any CPU.ActiveCfg = Debug|Any CPU
		{24600742-D464-E1F0-504B-29139DBF8BF1}.Debug|Any CPU.Build.0 = Debug|Any CPU
		{24600742-D464-E1F0-504B-29139DBF8BF1}.Release|Any CPU.ActiveCfg = Release|Any CPU
		{24600742-D464-E1F0-504B-29139DBF8BF1}.Release|Any CPU.Build.0 = Release|Any CPU
	EndGlobalSection
	GlobalSection(SolutionProperties) = preSolution
		HideSolutionNode = FALSE
	EndGlobalSection
EndGlobal
